
Microsoft Visual Studio Solution File, Format Version 12.00
# Visual Studio Version 17
VisualStudioVersion = 17.0.32014.148
MinimumVisualStudioVersion = 10.0.40219.1
Project("{FAE04EC0-301F-11D3-BF4B-00C04F79EFBC}") = "WpfZoo", "WpfZoo\WpfZoo.csproj", "{2C2F1BE7-07BE-4D1F-8136-B75D3E16DFBB}"
EndProject
Global
	GlobalSection(SolutionConfigurationPlatforms) = preSolution
		Debug|Any CPU = Debug|Any CPU
		Release|Any CPU = Release|Any CPU
	EndGlobalSection
	GlobalSection(ProjectConfigurationPlatforms) = postSolution
		{2C2F1BE7-07BE-4D1F-8136-B75D3E16DFBB}.Debug|Any CPU.ActiveCfg = Debug|Any CPU
		{2C2F1BE7-07BE-4D1F-8136-B75D3E16DFBB}.Debug|Any CPU.Build.0 = Debug|Any CPU
		{2C2F1BE7-07BE-4D1F-8136-B75D3E16DFBB}.Release|Any CPU.ActiveCfg = Release|Any CPU
		{2C2F1BE7-07BE-4D1F-8136-B75D3E16DFBB}.Release|Any CPU.Build.0 = Release|Any CPU
	EndGlobalSection
	GlobalSection(SolutionProperties) = preSolution
		HideSolutionNode = FALSE
	EndGlobalSection
	GlobalSection(ExtensibilityGlobals) = postSolution
		SolutionGuid = {C6419F90-1214-40C6-AB4B-B8281C123100}
	EndGlobalSection
EndGlobal
